
Microsoft Visual Studio Solution File, Format Version 12.00
# Visual Studio Version 17
VisualStudioVersion = 17.1.32104.313
MinimumVisualStudioVersion = 10.0.40219.1
Project("{FAE04EC0-301F-11D3-BF4B-00C04F79EFBC}") = "OpenVoiceModder", "OpenVoiceModder\OpenVoiceModder.csproj", "{9FFA565A-C52F-4710-99CF-25E7602F20B8}"
EndProject
Global
	GlobalSection(SolutionConfigurationPlatforms) = preSolution
		Debug|Any CPU = Debug|Any CPU
		Release|Any CPU = Release|Any CPU
	EndGlobalSection
	GlobalSection(ProjectConfigurationPlatforms) = postSolution
		{9FFA565A-C52F-4710-99CF-25E7602F20B8}.Debug|Any CPU.ActiveCfg = Debug|Any CPU
		{9FFA565A-C52F-4710-99CF-25E7602F20B8}.Debug|Any CPU.Build.0 = Debug|Any CPU
		{9FFA565A-C52F-4710-99CF-25E7602F20B8}.Release|Any CPU.ActiveCfg = Release|Any CPU
		{9FFA565A-C52F-4710-99CF-25E7602F20B8}.Release|Any CPU.Build.0 = Release|Any CPU
	EndGlobalSection
	GlobalSection(SolutionProperties) = preSolution
		HideSolutionNode = FALSE
	EndGlobalSection
	GlobalSection(ExtensibilityGlobals) = postSolution
		SolutionGuid = {FB14E1AB-200A-4DF6-A21F-CF3622CAC5C5}
	EndGlobalSection
EndGlobal
